// !$*UTF8*$!
{
	archiveVersion = 1;
	classes = {
	};
	objectVersion = 50;
	objects = {

/* Begin PBXBuildFile section */
		D84CBE7D2692DD2500AFE407 /* ProgressApp.swift in Sources */ = {isa = PBXBuildFile; fileRef = D84CBE7C2692DD2500AFE407 /* ProgressApp.swift */; };
		D84CBE7F2692DD2500AFE407 /* ContentView.swift in Sources */ = {isa = PBXBuildFile; fileRef = D84CBE7E2692DD2500AFE407 /* ContentView.swift */; };
		D84CBE812692DD2D00AFE407 /* Assets.xcassets in Resources */ = {isa = PBXBuildFile; fileRef = D84CBE802692DD2D00AFE407 /* Assets.xcassets */; };
		D84CBE842692DD2D00AFE407 /* Preview Assets.xcassets in Resources */ = {isa = PBXBuildFile; fileRef = D84CBE832692DD2D00AFE407 /* Preview Assets.xcassets */; };
		D84CBE8D2692DF1500AFE407 /* Main.xcdatamodeld in Sources */ = {isa = PBXBuildFile; fileRef = D84CBE8B2692DF1500AFE407 /* Main.xcdatamodeld */; };
		D84CBE8F2693734800AFE407 /* DataController.swift in Sources */ = {isa = PBXBuildFile; fileRef = D84CBE8E2693734800AFE407 /* DataController.swift */; };
		D84CBE912695E4F200AFE407 /* HomeView.swift in Sources */ = {isa = PBXBuildFile; fileRef = D84CBE902695E4F200AFE407 /* HomeView.swift */; };
		D84CBE9326961C7C00AFE407 /* ProjectView.swift in Sources */ = {isa = PBXBuildFile; fileRef = D84CBE9226961C7C00AFE407 /* ProjectView.swift */; };
		D8645A7F26998E350023FAAC /* Item-CoreDataHelpers.swift in Sources */ = {isa = PBXBuildFile; fileRef = D8645A7E26998E350023FAAC /* Item-CoreDataHelpers.swift */; };
		D8645A81269994BE0023FAAC /* Project-CoreDataHelper.swift in Sources */ = {isa = PBXBuildFile; fileRef = D8645A80269994BE0023FAAC /* Project-CoreDataHelper.swift */; };
		D8FD9E78269C98EB00CCCF60 /* EditItemView.swift in Sources */ = {isa = PBXBuildFile; fileRef = D8FD9E77269C98EB00CCCF60 /* EditItemView.swift */; };
		D8FD9E7A269F594B00CCCF60 /* ItemRowView.swift in Sources */ = {isa = PBXBuildFile; fileRef = D8FD9E79269F594B00CCCF60 /* ItemRowView.swift */; };
/* End PBXBuildFile section */

/* Begin PBXFileReference section */
		D84CBE792692DD2500AFE407 /* Progress.app */ = {isa = PBXFileReference; explicitFileType = wrapper.application; includeInIndex = 0; path = Progress.app; sourceTree = BUILT_PRODUCTS_DIR; };
		D84CBE7C2692DD2500AFE407 /* ProgressApp.swift */ = {isa = PBXFileReference; lastKnownFileType = sourcecode.swift; path = ProgressApp.swift; sourceTree = "<group>"; };
		D84CBE7E2692DD2500AFE407 /* ContentView.swift */ = {isa = PBXFileReference; lastKnownFileType = sourcecode.swift; path = ContentView.swift; sourceTree = "<group>"; };
		D84CBE802692DD2D00AFE407 /* Assets.xcassets */ = {isa = PBXFileReference; lastKnownFileType = folder.assetcatalog; path = Assets.xcassets; sourceTree = "<group>"; };
		D84CBE832692DD2D00AFE407 /* Preview Assets.xcassets */ = {isa = PBXFileReference; lastKnownFileType = folder.assetcatalog; path = "Preview Assets.xcassets"; sourceTree = "<group>"; };
		D84CBE852692DD2D00AFE407 /* Info.plist */ = {isa = PBXFileReference; lastKnownFileType = text.plist.xml; path = Info.plist; sourceTree = "<group>"; };
		D84CBE8C2692DF1500AFE407 /* Main.xcdatamodel */ = {isa = PBXFileReference; lastKnownFileType = wrapper.xcdatamodel; path = Main.xcdatamodel; sourceTree = "<group>"; };
		D84CBE8E2693734800AFE407 /* DataController.swift */ = {isa = PBXFileReference; lastKnownFileType = sourcecode.swift; path = DataController.swift; sourceTree = "<group>"; };
		D84CBE902695E4F200AFE407 /* HomeView.swift */ = {isa = PBXFileReference; lastKnownFileType = sourcecode.swift; path = HomeView.swift; sourceTree = "<group>"; };
		D84CBE9226961C7C00AFE407 /* ProjectView.swift */ = {isa = PBXFileReference; lastKnownFileType = sourcecode.swift; path = ProjectView.swift; sourceTree = "<group>"; };
		D8645A7E26998E350023FAAC /* Item-CoreDataHelpers.swift */ = {isa = PBXFileReference; lastKnownFileType = sourcecode.swift; path = "Item-CoreDataHelpers.swift"; sourceTree = "<group>"; };
		D8645A80269994BE0023FAAC /* Project-CoreDataHelper.swift */ = {isa = PBXFileReference; lastKnownFileType = sourcecode.swift; path = "Project-CoreDataHelper.swift"; sourceTree = "<group>"; };
		D8FD9E77269C98EB00CCCF60 /* EditItemView.swift */ = {isa = PBXFileReference; lastKnownFileType = sourcecode.swift; path = EditItemView.swift; sourceTree = "<group>"; };
		D8FD9E79269F594B00CCCF60 /* ItemRowView.swift */ = {isa = PBXFileReference; lastKnownFileType = sourcecode.swift; path = ItemRowView.swift; sourceTree = "<group>"; };
/* End PBXFileReference section */

/* Begin PBXFrameworksBuildPhase section */
		D84CBE762692DD2500AFE407 /* Frameworks */ = {
			isa = PBXFrameworksBuildPhase;
			buildActionMask = 2147483647;
			files = (
			);
			runOnlyForDeploymentPostprocessing = 0;
		};
/* End PBXFrameworksBuildPhase section */

/* Begin PBXGroup section */
		D84CBE702692DD2500AFE407 = {
			isa = PBXGroup;
			children = (
				D84CBE7B2692DD2500AFE407 /* Progress */,
				D84CBE7A2692DD2500AFE407 /* Products */,
			);
			sourceTree = "<group>";
		};
		D84CBE7A2692DD2500AFE407 /* Products */ = {
			isa = PBXGroup;
			children = (
				D84CBE792692DD2500AFE407 /* Progress.app */,
			);
			name = Products;
			sourceTree = "<group>";
		};
		D84CBE7B2692DD2500AFE407 /* Progress */ = {
			isa = PBXGroup;
			children = (
				D84CBE7C2692DD2500AFE407 /* ProgressApp.swift */,
				D8645A7E26998E350023FAAC /* Item-CoreDataHelpers.swift */,
				D8645A80269994BE0023FAAC /* Project-CoreDataHelper.swift */,
				D84CBE902695E4F200AFE407 /* HomeView.swift */,
				D84CBE9226961C7C00AFE407 /* ProjectView.swift */,
				D84CBE7E2692DD2500AFE407 /* ContentView.swift */,
				D84CBE8E2693734800AFE407 /* DataController.swift */,
				D8FD9E77269C98EB00CCCF60 /* EditItemView.swift */,
				D8FD9E79269F594B00CCCF60 /* ItemRowView.swift */,
				D84CBE8B2692DF1500AFE407 /* Main.xcdatamodeld */,
				D84CBE802692DD2D00AFE407 /* Assets.xcassets */,
				D84CBE852692DD2D00AFE407 /* Info.plist */,
				D84CBE822692DD2D00AFE407 /* Preview Content */,
			);
			path = Progress;
			sourceTree = "<group>";
		};
		D84CBE822692DD2D00AFE407 /* Preview Content */ = {
			isa = PBXGroup;
			children = (
				D84CBE832692DD2D00AFE407 /* Preview Assets.xcassets */,
			);
			path = "Preview Content";
			sourceTree = "<group>";
		};
/* End PBXGroup section */

/* Begin PBXNativeTarget section */
		D84CBE782692DD2500AFE407 /* Progress */ = {
			isa = PBXNativeTarget;
			buildConfigurationList = D84CBE882692DD2D00AFE407 /* Build configuration list for PBXNativeTarget "Progress" */;
			buildPhases = (
				D84CBE752692DD2500AFE407 /* Sources */,
				D84CBE762692DD2500AFE407 /* Frameworks */,
				D84CBE772692DD2500AFE407 /* Resources */,
			);
			buildRules = (
			);
			dependencies = (
			);
			name = Progress;
			productName = Progress;
			productReference = D84CBE792692DD2500AFE407 /* Progress.app */;
			productType = "com.apple.product-type.application";
		};
/* End PBXNativeTarget section */

/* Begin PBXProject section */
		D84CBE712692DD2500AFE407 /* Project object */ = {
			isa = PBXProject;
			attributes = {
				LastSwiftUpdateCheck = 1250;
				LastUpgradeCheck = 1250;
				TargetAttributes = {
					D84CBE782692DD2500AFE407 = {
						CreatedOnToolsVersion = 12.5.1;
					};
				};
			};
			buildConfigurationList = D84CBE742692DD2500AFE407 /* Build configuration list for PBXProject "Progress" */;
			compatibilityVersion = "Xcode 9.3";
			developmentRegion = en;
			hasScannedForEncodings = 0;
			knownRegions = (
				en,
				Base,
			);
			mainGroup = D84CBE702692DD2500AFE407;
			productRefGroup = D84CBE7A2692DD2500AFE407 /* Products */;
			projectDirPath = "";
			projectRoot = "";
			targets = (
				D84CBE782692DD2500AFE407 /* Progress */,
			);
		};
/* End PBXProject section */

/* Begin PBXResourcesBuildPhase section */
		D84CBE772692DD2500AFE407 /* Resources */ = {
			isa = PBXResourcesBuildPhase;
			buildActionMask = 2147483647;
			files = (
				D84CBE842692DD2D00AFE407 /* Preview Assets.xcassets in Resources */,
				D84CBE812692DD2D00AFE407 /* Assets.xcassets in Resources */,
			);
			runOnlyForDeploymentPostprocessing = 0;
		};
/* End PBXResourcesBuildPhase section */

/* Begin PBXSourcesBuildPhase section */
		D84CBE752692DD2500AFE407 /* Sources */ = {
			isa = PBXSourcesBuildPhase;
			buildActionMask = 2147483647;
			files = (
				D84CBE9326961C7C00AFE407 /* ProjectView.swift in Sources */,
				D84CBE8D2692DF1500AFE407 /* Main.xcdatamodeld in Sources */,
				D84CBE7F2692DD2500AFE407 /* ContentView.swift in Sources */,
				D84CBE7D2692DD2500AFE407 /* ProgressApp.swift in Sources */,
				D8FD9E7A269F594B00CCCF60 /* ItemRowView.swift in Sources */,
				D84CBE912695E4F200AFE407 /* HomeView.swift in Sources */,
				D84CBE8F2693734800AFE407 /* DataController.swift in Sources */,
				D8645A81269994BE0023FAAC /* Project-CoreDataHelper.swift in Sources */,
				D8645A7F26998E350023FAAC /* Item-CoreDataHelpers.swift in Sources */,
				D8FD9E78269C98EB00CCCF60 /* EditItemView.swift in Sources */,
			);
			runOnlyForDeploymentPostprocessing = 0;
		};
/* End PBXSourcesBuildPhase section */

/* Begin XCBuildConfiguration section */
		D84CBE862692DD2D00AFE407 /* Debug */ = {
			isa = XCBuildConfiguration;
			buildSettings = {
				ALWAYS_SEARCH_USER_PATHS = NO;
				CLANG_ANALYZER_NONNULL = YES;
				CLANG_ANALYZER_NUMBER_OBJECT_CONVERSION = YES_AGGRESSIVE;
				CLANG_CXX_LANGUAGE_STANDARD = "gnu++14";
				CLANG_CXX_LIBRARY = "libc++";
				CLANG_ENABLE_MODULES = YES;
				CLANG_ENABLE_OBJC_ARC = YES;
				CLANG_ENABLE_OBJC_WEAK = YES;
				CLANG_WARN_BLOCK_CAPTURE_AUTORELEASING = YES;
				CLANG_WARN_BOOL_CONVERSION = YES;
				CLANG_WARN_COMMA = YES;
				CLANG_WARN_CONSTANT_CONVERSION = YES;
				CLANG_WARN_DEPRECATED_OBJC_IMPLEMENTATIONS = YES;
				CLANG_WARN_DIRECT_OBJC_ISA_USAGE = YES_ERROR;
				CLANG_WARN_DOCUMENTATION_COMMENTS = YES;
				CLANG_WARN_EMPTY_BODY = YES;
				CLANG_WARN_ENUM_CONVERSION = YES;
				CLANG_WARN_INFINITE_RECURSION = YES;
				CLANG_WARN_INT_CONVERSION = YES;
				CLANG_WARN_NON_LITERAL_NULL_CONVERSION = YES;
				CLANG_WARN_OBJC_IMPLICIT_RETAIN_SELF = YES;
				CLANG_WARN_OBJC_LITERAL_CONVERSION = YES;
				CLANG_WARN_OBJC_ROOT_CLASS = YES_ERROR;
				CLANG_WARN_QUOTED_INCLUDE_IN_FRAMEWORK_HEADER = YES;
				CLANG_WARN_RANGE_LOOP_ANALYSIS = YES;
				CLANG_WARN_STRICT_PROTOTYPES = YES;
				CLANG_WARN_SUSPICIOUS_MOVE = YES;
				CLANG_WARN_UNGUARDED_AVAILABILITY = YES_AGGRESSIVE;
				CLANG_WARN_UNREACHABLE_CODE = YES;
				CLANG_WARN__DUPLICATE_METHOD_MATCH = YES;
				COPY_PHASE_STRIP = NO;
				DEBUG_INFORMATION_FORMAT = dwarf;
				ENABLE_STRICT_OBJC_MSGSEND = YES;
				ENABLE_TESTABILITY = YES;
				GCC_C_LANGUAGE_STANDARD = gnu11;
				GCC_DYNAMIC_NO_PIC = NO;
				GCC_NO_COMMON_BLOCKS = YES;
				GCC_OPTIMIZATION_LEVEL = 0;
				GCC_PREPROCESSOR_DEFINITIONS = (
					"DEBUG=1",
					"$(inherited)",
				);
				GCC_WARN_64_TO_32_BIT_CONVERSION = YES;
				GCC_WARN_ABOUT_RETURN_TYPE = YES_ERROR;
				GCC_WARN_UNDECLARED_SELECTOR = YES;
				GCC_WARN_UNINITIALIZED_AUTOS = YES_AGGRESSIVE;
				GCC_WARN_UNUSED_FUNCTION = YES;
				GCC_WARN_UNUSED_VARIABLE = YES;
				IPHONEOS_DEPLOYMENT_TARGET = 14.5;
				MTL_ENABLE_DEBUG_INFO = INCLUDE_SOURCE;
				MTL_FAST_MATH = YES;
				ONLY_ACTIVE_ARCH = YES;
				SDKROOT = iphoneos;
				SWIFT_ACTIVE_COMPILATION_CONDITIONS = DEBUG;
				SWIFT_OPTIMIZATION_LEVEL = "-Onone";
			};
			name = Debug;
		};
		D84CBE872692DD2D00AFE407 /* Release */ = {
			isa = XCBuildConfiguration;
			buildSettings = {
				ALWAYS_SEARCH_USER_PATHS = NO;
				CLANG_ANALYZER_NONNULL = YES;
				CLANG_ANALYZER_NUMBER_OBJECT_CONVERSION = YES_AGGRESSIVE;
				CLANG_CXX_LANGUAGE_STANDARD = "gnu++14";
				CLANG_CXX_LIBRARY = "libc++";
				CLANG_ENABLE_MODULES = YES;
				CLANG_ENABLE_OBJC_ARC = YES;
				CLANG_ENABLE_OBJC_WEAK = YES;
				CLANG_WARN_BLOCK_CAPTURE_AUTORELEASING = YES;
				CLANG_WARN_BOOL_CONVERSION = YES;
				CLANG_WARN_COMMA = YES;
				CLANG_WARN_CONSTANT_CONVERSION = YES;
				CLANG_WARN_DEPRECATED_OBJC_IMPLEMENTATIONS = YES;
				CLANG_WARN_DIRECT_OBJC_ISA_USAGE = YES_ERROR;
				CLANG_WARN_DOCUMENTATION_COMMENTS = YES;
				CLANG_WARN_EMPTY_BODY = YES;
				CLANG_WARN_ENUM_CONVERSION = YES;
				CLANG_WARN_INFINITE_RECURSION = YES;
				CLANG_WARN_INT_CONVERSION = YES;
				CLANG_WARN_NON_LITERAL_NULL_CONVERSION = YES;
				CLANG_WARN_OBJC_IMPLICIT_RETAIN_SELF = YES;
				CLANG_WARN_OBJC_LITERAL_CONVERSION = YES;
				CLANG_WARN_OBJC_ROOT_CLASS = YES_ERROR;
				CLANG_WARN_QUOTED_INCLUDE_IN_FRAMEWORK_HEADER = YES;
				CLANG_WARN_RANGE_LOOP_ANALYSIS = YES;
				CLANG_WARN_STRICT_PROTOTYPES = YES;
				CLANG_WARN_SUSPICIOUS_MOVE = YES;
				CLANG_WARN_UNGUARDED_AVAILABILITY = YES_AGGRESSIVE;
				CLANG_WARN_UNREACHABLE_CODE = YES;
				CLANG_WARN__DUPLICATE_METHOD_MATCH = YES;
				COPY_PHASE_STRIP = NO;
				DEBUG_INFORMATION_FORMAT = "dwarf-with-dsym";
				ENABLE_NS_ASSERTIONS = NO;
				ENABLE_STRICT_OBJC_MSGSEND = YES;
				GCC_C_LANGUAGE_STANDARD = gnu11;
				GCC_NO_COMMON_BLOCKS = YES;
				GCC_WARN_64_TO_32_BIT_CONVERSION = YES;
				GCC_WARN_ABOUT_RETURN_TYPE = YES_ERROR;
				GCC_WARN_UNDECLARED_SELECTOR = YES;
				GCC_WARN_UNINITIALIZED_AUTOS = YES_AGGRESSIVE;
				GCC_WARN_UNUSED_FUNCTION = YES;
				GCC_WARN_UNUSED_VARIABLE = YES;
				IPHONEOS_DEPLOYMENT_TARGET = 14.5;
				MTL_ENABLE_DEBUG_INFO = NO;
				MTL_FAST_MATH = YES;
				SDKROOT = iphoneos;
				SWIFT_COMPILATION_MODE = wholemodule;
				SWIFT_OPTIMIZATION_LEVEL = "-O";
				VALIDATE_PRODUCT = YES;
			};
			name = Release;
		};
		D84CBE892692DD2D00AFE407 /* Debug */ = {
			isa = XCBuildConfiguration;
			buildSettings = {
				ASSETCATALOG_COMPILER_APPICON_NAME = AppIcon;
				ASSETCATALOG_COMPILER_GLOBAL_ACCENT_COLOR_NAME = AccentColor;
				CODE_SIGN_STYLE = Automatic;
				DEVELOPMENT_ASSET_PATHS = "\"Progress/Preview Content\"";
				DEVELOPMENT_TEAM = D559B7ZD7Z;
				ENABLE_PREVIEWS = YES;
				INFOPLIST_FILE = Progress/Info.plist;
				IPHONEOS_DEPLOYMENT_TARGET = 14.0;
				LD_RUNPATH_SEARCH_PATHS = (
					"$(inherited)",
					"@executable_path/Frameworks",
				);
				PRODUCT_BUNDLE_IDENTIFIER = me.polyudov.anatoly.Progress;
				PRODUCT_NAME = "$(TARGET_NAME)";
				SWIFT_VERSION = 5.0;
				TARGETED_DEVICE_FAMILY = "1,2";
			};
			name = Debug;
		};
		D84CBE8A2692DD2D00AFE407 /* Release */ = {
			isa = XCBuildConfiguration;
			buildSettings = {
				ASSETCATALOG_COMPILER_APPICON_NAME = AppIcon;
				ASSETCATALOG_COMPILER_GLOBAL_ACCENT_COLOR_NAME = AccentColor;
				CODE_SIGN_STYLE = Automatic;
				DEVELOPMENT_ASSET_PATHS = "\"Progress/Preview Content\"";
				DEVELOPMENT_TEAM = D559B7ZD7Z;
				ENABLE_PREVIEWS = YES;
				INFOPLIST_FILE = Progress/Info.plist;
				IPHONEOS_DEPLOYMENT_TARGET = 14.0;
				LD_RUNPATH_SEARCH_PATHS = (
					"$(inherited)",
					"@executable_path/Frameworks",
				);
				PRODUCT_BUNDLE_IDENTIFIER = me.polyudov.anatoly.Progress;
				PRODUCT_NAME = "$(TARGET_NAME)";
				SWIFT_VERSION = 5.0;
				TARGETED_DEVICE_FAMILY = "1,2";
			};
			name = Release;
		};
/* End XCBuildConfiguration section */

/* Begin XCConfigurationList section */
		D84CBE742692DD2500AFE407 /* Build configuration list for PBXProject "Progress" */ = {
			isa = XCConfigurationList;
			buildConfigurations = (
				D84CBE862692DD2D00AFE407 /* Debug */,
				D84CBE872692DD2D00AFE407 /* Release */,
			);
			defaultConfigurationIsVisible = 0;
			defaultConfigurationName = Release;
		};
		D84CBE882692DD2D00AFE407 /* Build configuration list for PBXNativeTarget "Progress" */ = {
			isa = XCConfigurationList;
			buildConfigurations = (
				D84CBE892692DD2D00AFE407 /* Debug */,
				D84CBE8A2692DD2D00AFE407 /* Release */,
			);
			defaultConfigurationIsVisible = 0;
			defaultConfigurationName = Release;
		};
/* End XCConfigurationList section */

/* Begin XCVersionGroup section */
		D84CBE8B2692DF1500AFE407 /* Main.xcdatamodeld */ = {
			isa = XCVersionGroup;
			children = (
				D84CBE8C2692DF1500AFE407 /* Main.xcdatamodel */,
			);
			currentVersion = D84CBE8C2692DF1500AFE407 /* Main.xcdatamodel */;
			path = Main.xcdatamodeld;
			sourceTree = "<group>";
			versionGroupType = wrapper.xcdatamodel;
		};
/* End XCVersionGroup section */
	};
	rootObject = D84CBE712692DD2500AFE407 /* Project object */;
}
